
Microsoft Visual Studio Solution File, Format Version 12.00
# Visual Studio Version 17
VisualStudioVersion = 17.1.32328.378
MinimumVisualStudioVersion = 10.0.40219.1
Project("{9A19103F-16F7-4668-BE54-9A1E7A4F7556}") = "WebAPI-ASP.NET6", "WebAPI-ASP.NET6.csproj", "{2624D4D4-F6AE-44E8-AAE8-C9C684C9E18E}"
EndProject
Project("{FAE04EC0-301F-11D3-BF4B-00C04F79EFBC}") = "API-INTEGRATION", "API-INTEGRATION\API-INTEGRATION.csproj", "{2E00F143-2144-442F-BF44-E1623F4E5FC1}"
EndProject
Global
	GlobalSection(SolutionConfigurationPlatforms) = preSolution
		Debug|Any CPU = Debug|Any CPU
		Release|Any CPU = Release|Any CPU
	EndGlobalSection
	GlobalSection(ProjectConfigurationPlatforms) = postSolution
		{2624D4D4-F6AE-44E8-AAE8-C9C684C9E18E}.Debug|Any CPU.ActiveCfg = Debug|Any CPU
		{2624D4D4-F6AE-44E8-AAE8-C9C684C9E18E}.Debug|Any CPU.Build.0 = Debug|Any CPU
		{2624D4D4-F6AE-44E8-AAE8-C9C684C9E18E}.Release|Any CPU.ActiveCfg = Release|Any CPU
		{2624D4D4-F6AE-44E8-AAE8-C9C684C9E18E}.Release|Any CPU.Build.0 = Release|Any CPU
		{2E00F143-2144-442F-BF44-E1623F4E5FC1}.Debug|Any CPU.ActiveCfg = Debug|Any CPU
		{2E00F143-2144-442F-BF44-E1623F4E5FC1}.Debug|Any CPU.Build.0 = Debug|Any CPU
		{2E00F143-2144-442F-BF44-E1623F4E5FC1}.Release|Any CPU.ActiveCfg = Release|Any CPU
		{2E00F143-2144-442F-BF44-E1623F4E5FC1}.Release|Any CPU.Build.0 = Release|Any CPU
	EndGlobalSection
	GlobalSection(SolutionProperties) = preSolution
		HideSolutionNode = FALSE
	EndGlobalSection
	GlobalSection(ExtensibilityGlobals) = postSolution
		SolutionGuid = {38A8DA0D-A0BE-4B79-A109-FD895FBAAC12}
	EndGlobalSection
EndGlobal
